
Microsoft Visual Studio Solution File, Format Version 12.00
# Visual Studio Version 16
VisualStudioVersion = 16.0.30204.135
MinimumVisualStudioVersion = 10.0.40219.1
Project("{8BC9CEB8-8B4A-11D0-8D11-00A0C91BC942}") = "libc", "libc\libc.vcxproj", "{D368DAB3-740C-4BEC-914D-745387A444B5}"
EndProject
Global
	GlobalSection(SolutionConfigurationPlatforms) = preSolution
		Debug|x64 = Debug|x64
		Release|x64 = Release|x64
	EndGlobalSection
	GlobalSection(ProjectConfigurationPlatforms) = postSolution
		{D368DAB3-740C-4BEC-914D-745387A444B5}.Debug|x64.ActiveCfg = Debug|x64
		{D368DAB3-740C-4BEC-914D-745387A444B5}.Debug|x64.Build.0 = Debug|x64
		{D368DAB3-740C-4BEC-914D-745387A444B5}.Release|x64.ActiveCfg = Release|x64
		{D368DAB3-740C-4BEC-914D-745387A444B5}.Release|x64.Build.0 = Release|x64
	EndGlobalSection
	GlobalSection(SolutionProperties) = preSolution
		HideSolutionNode = FALSE
	EndGlobalSection
	GlobalSection(ExtensibilityGlobals) = postSolution
		SolutionGuid = {0A22D274-F6B5-4307-98FC-DCD30477B090}
	EndGlobalSection
EndGlobal
