
Microsoft Visual Studio Solution File, Format Version 12.00
# Visual Studio 15
VisualStudioVersion = 15.0.28010.2016
MinimumVisualStudioVersion = 10.0.40219.1
Project("{8BC9CEB8-8B4A-11D0-8D11-00A0C91BC942}") = "audio-wav", "audio-wav\audio-wav.vcxproj", "{79DFD476-4249-4BA5-B6EF-1A96074BCD5D}"
EndProject
Global
	GlobalSection(SolutionConfigurationPlatforms) = preSolution
		Debug|x64 = Debug|x64
		Release|x64 = Release|x64
	EndGlobalSection
	GlobalSection(ProjectConfigurationPlatforms) = postSolution
		{79DFD476-4249-4BA5-B6EF-1A96074BCD5D}.Debug|x64.ActiveCfg = Debug|x64
		{79DFD476-4249-4BA5-B6EF-1A96074BCD5D}.Debug|x64.Build.0 = Debug|x64
		{79DFD476-4249-4BA5-B6EF-1A96074BCD5D}.Release|x64.ActiveCfg = Release|x64
		{79DFD476-4249-4BA5-B6EF-1A96074BCD5D}.Release|x64.Build.0 = Release|x64
	EndGlobalSection
	GlobalSection(SolutionProperties) = preSolution
		HideSolutionNode = FALSE
	EndGlobalSection
	GlobalSection(ExtensibilityGlobals) = postSolution
		SolutionGuid = {F61FB497-00A6-4138-85B4-4D5856BDCF28}
	EndGlobalSection
EndGlobal
