
Microsoft Visual Studio Solution File, Format Version 12.00
# Visual Studio 15
VisualStudioVersion = 15.0.28010.2016
MinimumVisualStudioVersion = 10.0.40219.1
Project("{8BC9CEB8-8B4A-11D0-8D11-00A0C91BC942}") = "pngdec", "pngdec\pngdec.vcxproj", "{0C96046E-5143-4C50-B37F-F32729977393}"
EndProject
Global
	GlobalSection(SolutionConfigurationPlatforms) = preSolution
		Debug|x64 = Debug|x64
		Release|x64 = Release|x64
	EndGlobalSection
	GlobalSection(ProjectConfigurationPlatforms) = postSolution
		{0C96046E-5143-4C50-B37F-F32729977393}.Debug|x64.ActiveCfg = Debug|x64
		{0C96046E-5143-4C50-B37F-F32729977393}.Debug|x64.Build.0 = Debug|x64
		{0C96046E-5143-4C50-B37F-F32729977393}.Release|x64.ActiveCfg = Release|x64
		{0C96046E-5143-4C50-B37F-F32729977393}.Release|x64.Build.0 = Release|x64
	EndGlobalSection
	GlobalSection(SolutionProperties) = preSolution
		HideSolutionNode = FALSE
	EndGlobalSection
	GlobalSection(ExtensibilityGlobals) = postSolution
		SolutionGuid = {5CEBC05D-0355-4B91-8AA5-0BD73B166E3F}
	EndGlobalSection
EndGlobal
